{
  "name": "源码",
  "lockfileVersion": 3,
  "requires": true,
  "packages": {
    "": {
      "dependencies": {
        "page-agent": "^1.6.2"
      }
    },
    "node_modules/@page-agent/core": {
      "version": "1.6.2",
      "resolved": "https://registry.npmjs.org/@page-agent/core/-/core-1.6.2.tgz",
      "integrity": "sha512-SG63qGNN+7/fXQhR2zudsyNCsFJYWhnHqbqtmZcWQyray/ttC31swqd9YWXUixKnm9Nk4U5HDyM/Zs1jeHZ0IA==",
      "license": "MIT",
      "dependencies": {
        "@page-agent/llms": "1.6.2",
        "@page-agent/page-controller": "1.6.2",
        "chalk": "^5.6.2"
      },
      "peerDependencies": {
        "zod": "^3.25.0 || ^4.0.0"
      }
    },
    "node_modules/@page-agent/llms": {
      "version": "1.6.2",
      "resolved": "https://registry.npmjs.org/@page-agent/llms/-/llms-1.6.2.tgz",
      "integrity": "sha512-GnkqTg1fDnbDsQf3i2XOeIVwLlNcMRj+4VFQUgPzZI7cCOD2uvMNAzmjRsbHPS5vZiRNWlbvUEwdl73CjhOwUg==",
      "license": "MIT",
      "dependencies": {
        "chalk": "^5.6.2"
      },
      "peerDependencies": {
        "zod": "^3.25.0 || ^4.0.0"
      }
    },
    "node_modules/@page-agent/page-controller": {
      "version": "1.6.2",
      "resolved": "https://registry.npmjs.org/@page-agent/page-controller/-/page-controller-1.6.2.tgz",
      "integrity": "sha512-H3Pxi7uNp8q0EeRTMjxrDkLhJ1n+EFo13ubSqK3BYZCKBcEqDIfZes/uWj9wA/GGxrM3BkRYeP074jl9WSzghA==",
      "license": "MIT",
      "dependencies": {
        "ai-motion": "^0.4.8"
      }
    },
    "node_modules/@page-agent/ui": {
      "version": "1.6.2",
      "resolved": "https://registry.npmjs.org/@page-agent/ui/-/ui-1.6.2.tgz",
      "integrity": "sha512-jbdACSWv9dm1NVwwQ2hyjYeR52B+3ijcOHfyUrj0X/O/7xPXWoMNxGdfmnu9hhz4A8+9XmD94Ylz6YlJ+2W97w==",
      "license": "MIT"
    },
    "node_modules/ai-motion": {
      "version": "0.4.8",
      "resolved": "https://registry.npmjs.org/ai-motion/-/ai-motion-0.4.8.tgz",
      "integrity": "sha512-9nQVjf8lrYQWSW0sZdb9bES4x8Ei1w9C0S62po2KvRbMjslmjm0WMeszyW771SEauDnu4YGWqurLZ/gCkCTosQ==",
      "license": "MIT"
    },
    "node_modules/chalk": {
      "version": "5.6.2",
      "resolved": "https://registry.npmjs.org/chalk/-/chalk-5.6.2.tgz",
      "integrity": "sha512-7NzBL0rN6fMUW+f7A6Io4h40qQlG+xGmtMxfbnH/K7TAtt8JQWVQK+6g0UXKMeVJoyV5EkkNsErQ8pVD3bLHbA==",
      "license": "MIT",
      "engines": {
        "node": "^12.17.0 || ^14.13 || >=16.0.0"
      },
      "funding": {
        "url": "https://github.com/chalk/chalk?sponsor=1"
      }
    },
    "node_modules/page-agent": {
      "version": "1.6.2",
      "resolved": "https://registry.npmjs.org/page-agent/-/page-agent-1.6.2.tgz",
      "integrity": "sha512-USjF6CMSSe2MeFqVLMRS2aCI6zLdhBdnZd6OKCrCFHjZiK22jvlGL6HJON4THQjsCeMfG0Y2NDwJ7LUreezNEw==",
      "license": "MIT",
      "dependencies": {
        "@page-agent/core": "1.6.2",
        "@page-agent/llms": "1.6.2",
        "@page-agent/page-controller": "1.6.2",
        "@page-agent/ui": "1.6.2",
        "chalk": "^5.6.2"
      },
      "peerDependencies": {
        "zod": "^3.25.0 || ^4.0.0"
      }
    },
    "node_modules/zod": {
      "version": "4.3.6",
      "resolved": "https://registry.npmjs.org/zod/-/zod-4.3.6.tgz",
      "integrity": "sha512-rftlrkhHZOcjDwkGlnUtZZkvaPHCsDATp4pGpuOOMDaTdDDXF91wuVDJoWoPsKX/3YPQ5fHuF3STjcYyKr+Qhg==",
      "license": "MIT",
      "peer": true,
      "funding": {
        "url": "https://github.com/sponsors/colinhacks"
      }
    }
  }
}
